// !$*UTF8*$!
{
	archiveVersion = 1;
	classes = {
	};
	objectVersion = 56;
	objects = {

/* Begin PBXBuildFile section */
		AB0F4F69296B1E5C0009CDF5 /* Events.xcdatamodeld in Sources */ = {isa = PBXBuildFile; fileRef = AB0F4F67296B1E5C0009CDF5 /* Events.xcdatamodeld */; };
		AB0F4F6B296B20550009CDF5 /* EnvironmentValues-Preview.swift in Sources */ = {isa = PBXBuildFile; fileRef = AB0F4F6A296B20550009CDF5 /* EnvironmentValues-Preview.swift */; };
		AB0F4F6D296B20B50009CDF5 /* EventsProvider.swift in Sources */ = {isa = PBXBuildFile; fileRef = AB0F4F6C296B20B50009CDF5 /* EventsProvider.swift */; };
		AB0F4F6F296B21360009CDF5 /* Thread-Tests.swift in Sources */ = {isa = PBXBuildFile; fileRef = AB0F4F6E296B21360009CDF5 /* Thread-Tests.swift */; };
		AB0F4F71296B22EF0009CDF5 /* AddViewModel.swift in Sources */ = {isa = PBXBuildFile; fileRef = AB0F4F70296B22EF0009CDF5 /* AddViewModel.swift */; };
		AB0F4F75296DC7930009CDF5 /* RelationProvider.swift in Sources */ = {isa = PBXBuildFile; fileRef = AB0F4F74296DC7930009CDF5 /* RelationProvider.swift */; };
		AB270FE5295BB146008BCAF3 /* CountdownApp.swift in Sources */ = {isa = PBXBuildFile; fileRef = AB270FE4295BB146008BCAF3 /* CountdownApp.swift */; };
		AB270FE7295BB146008BCAF3 /* ContentView.swift in Sources */ = {isa = PBXBuildFile; fileRef = AB270FE6295BB146008BCAF3 /* ContentView.swift */; };
		AB270FE9295BB147008BCAF3 /* Assets.xcassets in Resources */ = {isa = PBXBuildFile; fileRef = AB270FE8295BB147008BCAF3 /* Assets.xcassets */; };
		AB270FEC295BB147008BCAF3 /* Preview Assets.xcassets in Resources */ = {isa = PBXBuildFile; fileRef = AB270FEB295BB147008BCAF3 /* Preview Assets.xcassets */; };
		ABBD80A2295DF911007C9AD9 /* View-DismissKey.swift in Sources */ = {isa = PBXBuildFile; fileRef = ABBD80A1295DF911007C9AD9 /* View-DismissKey.swift */; };
		ABBD80A4295DFE38007C9AD9 /* Text-HeaderStyle.swift in Sources */ = {isa = PBXBuildFile; fileRef = ABBD80A3295DFE38007C9AD9 /* Text-HeaderStyle.swift */; };
		ABBD80A7295DFE78007C9AD9 /* PrimaryButtonStyle.swift in Sources */ = {isa = PBXBuildFile; fileRef = ABBD80A6295DFE78007C9AD9 /* PrimaryButtonStyle.swift */; };
		ABBD80AA295DFEDE007C9AD9 /* AddEventView.swift in Sources */ = {isa = PBXBuildFile; fileRef = ABBD80A9295DFEDE007C9AD9 /* AddEventView.swift */; };
		ABBD80AE295E0313007C9AD9 /* Toggle-TogStyle.swift in Sources */ = {isa = PBXBuildFile; fileRef = ABBD80AD295E0313007C9AD9 /* Toggle-TogStyle.swift */; };
		ABBD80BB2960A8CE007C9AD9 /* Event.swift in Sources */ = {isa = PBXBuildFile; fileRef = ABBD80BA2960A8CE007C9AD9 /* Event.swift */; };
		ABBD80BE2960AA18007C9AD9 /* EventCard.swift in Sources */ = {isa = PBXBuildFile; fileRef = ABBD80BD2960AA18007C9AD9 /* EventCard.swift */; };
		ABBD80C02961A620007C9AD9 /* AddRelationView.swift in Sources */ = {isa = PBXBuildFile; fileRef = ABBD80BF2961A620007C9AD9 /* AddRelationView.swift */; };
		ABBD80C22961AA44007C9AD9 /* Relation.swift in Sources */ = {isa = PBXBuildFile; fileRef = ABBD80C12961AA44007C9AD9 /* Relation.swift */; };
		ABBD80C42961AB75007C9AD9 /* RelationCard.swift in Sources */ = {isa = PBXBuildFile; fileRef = ABBD80C32961AB75007C9AD9 /* RelationCard.swift */; };
/* End PBXBuildFile section */

/* Begin PBXFileReference section */
		AB0F4F68296B1E5C0009CDF5 /* Events.xcdatamodel */ = {isa = PBXFileReference; lastKnownFileType = wrapper.xcdatamodel; path = Events.xcdatamodel; sourceTree = "<group>"; };
		AB0F4F6A296B20550009CDF5 /* EnvironmentValues-Preview.swift */ = {isa = PBXFileReference; fileEncoding = 4; lastKnownFileType = sourcecode.swift; path = "EnvironmentValues-Preview.swift"; sourceTree = "<group>"; };
		AB0F4F6C296B20B50009CDF5 /* EventsProvider.swift */ = {isa = PBXFileReference; lastKnownFileType = sourcecode.swift; path = EventsProvider.swift; sourceTree = "<group>"; };
		AB0F4F6E296B21360009CDF5 /* Thread-Tests.swift */ = {isa = PBXFileReference; fileEncoding = 4; lastKnownFileType = sourcecode.swift; path = "Thread-Tests.swift"; sourceTree = "<group>"; };
		AB0F4F70296B22EF0009CDF5 /* AddViewModel.swift */ = {isa = PBXFileReference; lastKnownFileType = sourcecode.swift; path = AddViewModel.swift; sourceTree = "<group>"; };
		AB0F4F74296DC7930009CDF5 /* RelationProvider.swift */ = {isa = PBXFileReference; lastKnownFileType = sourcecode.swift; path = RelationProvider.swift; sourceTree = "<group>"; };
		AB270FE1295BB146008BCAF3 /* Countdown.app */ = {isa = PBXFileReference; explicitFileType = wrapper.application; includeInIndex = 0; path = Countdown.app; sourceTree = BUILT_PRODUCTS_DIR; };
		AB270FE4295BB146008BCAF3 /* CountdownApp.swift */ = {isa = PBXFileReference; lastKnownFileType = sourcecode.swift; path = CountdownApp.swift; sourceTree = "<group>"; };
		AB270FE6295BB146008BCAF3 /* ContentView.swift */ = {isa = PBXFileReference; lastKnownFileType = sourcecode.swift; path = ContentView.swift; sourceTree = "<group>"; };
		AB270FE8295BB147008BCAF3 /* Assets.xcassets */ = {isa = PBXFileReference; lastKnownFileType = folder.assetcatalog; path = Assets.xcassets; sourceTree = "<group>"; };
		AB270FEB295BB147008BCAF3 /* Preview Assets.xcassets */ = {isa = PBXFileReference; lastKnownFileType = folder.assetcatalog; path = "Preview Assets.xcassets"; sourceTree = "<group>"; };
		ABBD80A1295DF911007C9AD9 /* View-DismissKey.swift */ = {isa = PBXFileReference; fileEncoding = 4; lastKnownFileType = sourcecode.swift; path = "View-DismissKey.swift"; sourceTree = "<group>"; };
		ABBD80A3295DFE38007C9AD9 /* Text-HeaderStyle.swift */ = {isa = PBXFileReference; lastKnownFileType = sourcecode.swift; path = "Text-HeaderStyle.swift"; sourceTree = "<group>"; };
		ABBD80A6295DFE78007C9AD9 /* PrimaryButtonStyle.swift */ = {isa = PBXFileReference; lastKnownFileType = sourcecode.swift; path = PrimaryButtonStyle.swift; sourceTree = "<group>"; };
		ABBD80A9295DFEDE007C9AD9 /* AddEventView.swift */ = {isa = PBXFileReference; lastKnownFileType = sourcecode.swift; path = AddEventView.swift; sourceTree = "<group>"; };
		ABBD80AD295E0313007C9AD9 /* Toggle-TogStyle.swift */ = {isa = PBXFileReference; lastKnownFileType = sourcecode.swift; path = "Toggle-TogStyle.swift"; sourceTree = "<group>"; };
		ABBD80BA2960A8CE007C9AD9 /* Event.swift */ = {isa = PBXFileReference; lastKnownFileType = sourcecode.swift; path = Event.swift; sourceTree = "<group>"; };
		ABBD80BD2960AA18007C9AD9 /* EventCard.swift */ = {isa = PBXFileReference; lastKnownFileType = sourcecode.swift; path = EventCard.swift; sourceTree = "<group>"; };
		ABBD80BF2961A620007C9AD9 /* AddRelationView.swift */ = {isa = PBXFileReference; lastKnownFileType = sourcecode.swift; path = AddRelationView.swift; sourceTree = "<group>"; };
		ABBD80C12961AA44007C9AD9 /* Relation.swift */ = {isa = PBXFileReference; lastKnownFileType = sourcecode.swift; path = Relation.swift; sourceTree = "<group>"; };
		ABBD80C32961AB75007C9AD9 /* RelationCard.swift */ = {isa = PBXFileReference; lastKnownFileType = sourcecode.swift; path = RelationCard.swift; sourceTree = "<group>"; };
/* End PBXFileReference section */

/* Begin PBXFrameworksBuildPhase section */
		AB270FDE295BB146008BCAF3 /* Frameworks */ = {
			isa = PBXFrameworksBuildPhase;
			buildActionMask = 2147483647;
			files = (
			);
			runOnlyForDeploymentPostprocessing = 0;
		};
/* End PBXFrameworksBuildPhase section */

/* Begin PBXGroup section */
		AB0F4F66296890CA0009CDF5 /* ViewModels */ = {
			isa = PBXGroup;
			children = (
				AB0F4F70296B22EF0009CDF5 /* AddViewModel.swift */,
			);
			path = ViewModels;
			sourceTree = "<group>";
		};
		AB0F4F76296DC9310009CDF5 /* Providers */ = {
			isa = PBXGroup;
			children = (
				AB0F4F6C296B20B50009CDF5 /* EventsProvider.swift */,
				AB0F4F74296DC7930009CDF5 /* RelationProvider.swift */,
			);
			path = Providers;
			sourceTree = "<group>";
		};
		AB270FD8295BB146008BCAF3 = {
			isa = PBXGroup;
			children = (
				AB270FE3295BB146008BCAF3 /* Countdown */,
				AB270FE2295BB146008BCAF3 /* Products */,
			);
			sourceTree = "<group>";
		};
		AB270FE2295BB146008BCAF3 /* Products */ = {
			isa = PBXGroup;
			children = (
				AB270FE1295BB146008BCAF3 /* Countdown.app */,
			);
			name = Products;
			sourceTree = "<group>";
		};
		AB270FE3295BB146008BCAF3 /* Countdown */ = {
			isa = PBXGroup;
			children = (
				AB270FE4295BB146008BCAF3 /* CountdownApp.swift */,
				AB0F4F76296DC9310009CDF5 /* Providers */,
				ABBD80A8295DFE8E007C9AD9 /* Components */,
				ABBD80A5295DFE44007C9AD9 /* Extensions */,
				ABBD80BC2960A9FD007C9AD9 /* Models */,
				ABBD80B3295E0FA3007C9AD9 /* Views */,
				AB0F4F66296890CA0009CDF5 /* ViewModels */,
				AB0F4F67296B1E5C0009CDF5 /* Events.xcdatamodeld */,
				AB270FE8295BB147008BCAF3 /* Assets.xcassets */,
				AB270FEA295BB147008BCAF3 /* Preview Content */,
			);
			path = Countdown;
			sourceTree = "<group>";
		};
		AB270FEA295BB147008BCAF3 /* Preview Content */ = {
			isa = PBXGroup;
			children = (
				AB270FEB295BB147008BCAF3 /* Preview Assets.xcassets */,
			);
			path = "Preview Content";
			sourceTree = "<group>";
		};
		ABBD80A5295DFE44007C9AD9 /* Extensions */ = {
			isa = PBXGroup;
			children = (
				ABBD80A3295DFE38007C9AD9 /* Text-HeaderStyle.swift */,
				ABBD80A1295DF911007C9AD9 /* View-DismissKey.swift */,
				ABBD80AD295E0313007C9AD9 /* Toggle-TogStyle.swift */,
				AB0F4F6A296B20550009CDF5 /* EnvironmentValues-Preview.swift */,
				AB0F4F6E296B21360009CDF5 /* Thread-Tests.swift */,
			);
			path = Extensions;
			sourceTree = "<group>";
		};
		ABBD80A8295DFE8E007C9AD9 /* Components */ = {
			isa = PBXGroup;
			children = (
				ABBD80A6295DFE78007C9AD9 /* PrimaryButtonStyle.swift */,
				ABBD80BD2960AA18007C9AD9 /* EventCard.swift */,
				ABBD80C32961AB75007C9AD9 /* RelationCard.swift */,
			);
			path = Components;
			sourceTree = "<group>";
		};
		ABBD80B3295E0FA3007C9AD9 /* Views */ = {
			isa = PBXGroup;
			children = (
				AB270FE6295BB146008BCAF3 /* ContentView.swift */,
				ABBD80A9295DFEDE007C9AD9 /* AddEventView.swift */,
				ABBD80BF2961A620007C9AD9 /* AddRelationView.swift */,
			);
			path = Views;
			sourceTree = "<group>";
		};
		ABBD80BC2960A9FD007C9AD9 /* Models */ = {
			isa = PBXGroup;
			children = (
				ABBD80BA2960A8CE007C9AD9 /* Event.swift */,
				ABBD80C12961AA44007C9AD9 /* Relation.swift */,
			);
			path = Models;
			sourceTree = "<group>";
		};
/* End PBXGroup section */

/* Begin PBXNativeTarget section */
		AB270FE0295BB146008BCAF3 /* Countdown */ = {
			isa = PBXNativeTarget;
			buildConfigurationList = AB270FEF295BB147008BCAF3 /* Build configuration list for PBXNativeTarget "Countdown" */;
			buildPhases = (
				AB270FDD295BB146008BCAF3 /* Sources */,
				AB270FDE295BB146008BCAF3 /* Frameworks */,
				AB270FDF295BB146008BCAF3 /* Resources */,
			);
			buildRules = (
			);
			dependencies = (
			);
			name = Countdown;
			productName = Countdown;
			productReference = AB270FE1295BB146008BCAF3 /* Countdown.app */;
			productType = "com.apple.product-type.application";
		};
/* End PBXNativeTarget section */

/* Begin PBXProject section */
		AB270FD9295BB146008BCAF3 /* Project object */ = {
			isa = PBXProject;
			attributes = {
				BuildIndependentTargetsInParallel = 1;
				LastSwiftUpdateCheck = 1420;
				LastUpgradeCheck = 1420;
				TargetAttributes = {
					AB270FE0295BB146008BCAF3 = {
						CreatedOnToolsVersion = 14.2;
					};
				};
			};
			buildConfigurationList = AB270FDC295BB146008BCAF3 /* Build configuration list for PBXProject "Countdown" */;
			compatibilityVersion = "Xcode 14.0";
			developmentRegion = en;
			hasScannedForEncodings = 0;
			knownRegions = (
				en,
				Base,
			);
			mainGroup = AB270FD8295BB146008BCAF3;
			productRefGroup = AB270FE2295BB146008BCAF3 /* Products */;
			projectDirPath = "";
			projectRoot = "";
			targets = (
				AB270FE0295BB146008BCAF3 /* Countdown */,
			);
		};
/* End PBXProject section */

/* Begin PBXResourcesBuildPhase section */
		AB270FDF295BB146008BCAF3 /* Resources */ = {
			isa = PBXResourcesBuildPhase;
			buildActionMask = 2147483647;
			files = (
				AB270FEC295BB147008BCAF3 /* Preview Assets.xcassets in Resources */,
				AB270FE9295BB147008BCAF3 /* Assets.xcassets in Resources */,
			);
			runOnlyForDeploymentPostprocessing = 0;
		};
/* End PBXResourcesBuildPhase section */

/* Begin PBXSourcesBuildPhase section */
		AB270FDD295BB146008BCAF3 /* Sources */ = {
			isa = PBXSourcesBuildPhase;
			buildActionMask = 2147483647;
			files = (
				AB0F4F69296B1E5C0009CDF5 /* Events.xcdatamodeld in Sources */,
				ABBD80BB2960A8CE007C9AD9 /* Event.swift in Sources */,
				ABBD80C42961AB75007C9AD9 /* RelationCard.swift in Sources */,
				ABBD80A7295DFE78007C9AD9 /* PrimaryButtonStyle.swift in Sources */,
				ABBD80AA295DFEDE007C9AD9 /* AddEventView.swift in Sources */,
				AB270FE7295BB146008BCAF3 /* ContentView.swift in Sources */,
				ABBD80C02961A620007C9AD9 /* AddRelationView.swift in Sources */,
				ABBD80A2295DF911007C9AD9 /* View-DismissKey.swift in Sources */,
				AB0F4F6F296B21360009CDF5 /* Thread-Tests.swift in Sources */,
				ABBD80AE295E0313007C9AD9 /* Toggle-TogStyle.swift in Sources */,
				AB0F4F75296DC7930009CDF5 /* RelationProvider.swift in Sources */,
				AB270FE5295BB146008BCAF3 /* CountdownApp.swift in Sources */,
				ABBD80BE2960AA18007C9AD9 /* EventCard.swift in Sources */,
				ABBD80A4295DFE38007C9AD9 /* Text-HeaderStyle.swift in Sources */,
				AB0F4F6B296B20550009CDF5 /* EnvironmentValues-Preview.swift in Sources */,
				ABBD80C22961AA44007C9AD9 /* Relation.swift in Sources */,
				AB0F4F71296B22EF0009CDF5 /* AddViewModel.swift in Sources */,
				AB0F4F6D296B20B50009CDF5 /* EventsProvider.swift in Sources */,
			);
			runOnlyForDeploymentPostprocessing = 0;
		};
/* End PBXSourcesBuildPhase section */

/* Begin XCBuildConfiguration section */
		AB270FED295BB147008BCAF3 /* Debug */ = {
			isa = XCBuildConfiguration;
			buildSettings = {
				ALWAYS_SEARCH_USER_PATHS = NO;
				CLANG_ANALYZER_NONNULL = YES;
				CLANG_ANALYZER_NUMBER_OBJECT_CONVERSION = YES_AGGRESSIVE;
				CLANG_CXX_LANGUAGE_STANDARD = "gnu++20";
				CLANG_ENABLE_MODULES = YES;
				CLANG_ENABLE_OBJC_ARC = YES;
				CLANG_ENABLE_OBJC_WEAK = YES;
				CLANG_WARN_BLOCK_CAPTURE_AUTORELEASING = YES;
				CLANG_WARN_BOOL_CONVERSION = YES;
				CLANG_WARN_COMMA = YES;
				CLANG_WARN_CONSTANT_CONVERSION = YES;
				CLANG_WARN_DEPRECATED_OBJC_IMPLEMENTATIONS = YES;
				CLANG_WARN_DIRECT_OBJC_ISA_USAGE = YES_ERROR;
				CLANG_WARN_DOCUMENTATION_COMMENTS = YES;
				CLANG_WARN_EMPTY_BODY = YES;
				CLANG_WARN_ENUM_CONVERSION = YES;
				CLANG_WARN_INFINITE_RECURSION = YES;
				CLANG_WARN_INT_CONVERSION = YES;
				CLANG_WARN_NON_LITERAL_NULL_CONVERSION = YES;
				CLANG_WARN_OBJC_IMPLICIT_RETAIN_SELF = YES;
				CLANG_WARN_OBJC_LITERAL_CONVERSION = YES;
				CLANG_WARN_OBJC_ROOT_CLASS = YES_ERROR;
				CLANG_WARN_QUOTED_INCLUDE_IN_FRAMEWORK_HEADER = YES;
				CLANG_WARN_RANGE_LOOP_ANALYSIS = YES;
				CLANG_WARN_STRICT_PROTOTYPES = YES;
				CLANG_WARN_SUSPICIOUS_MOVE = YES;
				CLANG_WARN_UNGUARDED_AVAILABILITY = YES_AGGRESSIVE;
				CLANG_WARN_UNREACHABLE_CODE = YES;
				CLANG_WARN__DUPLICATE_METHOD_MATCH = YES;
				COPY_PHASE_STRIP = NO;
				DEBUG_INFORMATION_FORMAT = dwarf;
				ENABLE_STRICT_OBJC_MSGSEND = YES;
				ENABLE_TESTABILITY = YES;
				GCC_C_LANGUAGE_STANDARD = gnu11;
				GCC_DYNAMIC_NO_PIC = NO;
				GCC_NO_COMMON_BLOCKS = YES;
				GCC_OPTIMIZATION_LEVEL = 0;
				GCC_PREPROCESSOR_DEFINITIONS = (
					"DEBUG=1",
					"$(inherited)",
				);
				GCC_WARN_64_TO_32_BIT_CONVERSION = YES;
				GCC_WARN_ABOUT_RETURN_TYPE = YES_ERROR;
				GCC_WARN_UNDECLARED_SELECTOR = YES;
				GCC_WARN_UNINITIALIZED_AUTOS = YES_AGGRESSIVE;
				GCC_WARN_UNUSED_FUNCTION = YES;
				GCC_WARN_UNUSED_VARIABLE = YES;
				IPHONEOS_DEPLOYMENT_TARGET = 16.2;
				MTL_ENABLE_DEBUG_INFO = INCLUDE_SOURCE;
				MTL_FAST_MATH = YES;
				ONLY_ACTIVE_ARCH = YES;
				SDKROOT = iphoneos;
				SWIFT_ACTIVE_COMPILATION_CONDITIONS = DEBUG;
				SWIFT_OPTIMIZATION_LEVEL = "-Onone";
			};
			name = Debug;
		};
		AB270FEE295BB147008BCAF3 /* Release */ = {
			isa = XCBuildConfiguration;
			buildSettings = {
				ALWAYS_SEARCH_USER_PATHS = NO;
				CLANG_ANALYZER_NONNULL = YES;
				CLANG_ANALYZER_NUMBER_OBJECT_CONVERSION = YES_AGGRESSIVE;
				CLANG_CXX_LANGUAGE_STANDARD = "gnu++20";
				CLANG_ENABLE_MODULES = YES;
				CLANG_ENABLE_OBJC_ARC = YES;
				CLANG_ENABLE_OBJC_WEAK = YES;
				CLANG_WARN_BLOCK_CAPTURE_AUTORELEASING = YES;
				CLANG_WARN_BOOL_CONVERSION = YES;
				CLANG_WARN_COMMA = YES;
				CLANG_WARN_CONSTANT_CONVERSION = YES;
				CLANG_WARN_DEPRECATED_OBJC_IMPLEMENTATIONS = YES;
				CLANG_WARN_DIRECT_OBJC_ISA_USAGE = YES_ERROR;
				CLANG_WARN_DOCUMENTATION_COMMENTS = YES;
				CLANG_WARN_EMPTY_BODY = YES;
				CLANG_WARN_ENUM_CONVERSION = YES;
				CLANG_WARN_INFINITE_RECURSION = YES;
				CLANG_WARN_INT_CONVERSION = YES;
				CLANG_WARN_NON_LITERAL_NULL_CONVERSION = YES;
				CLANG_WARN_OBJC_IMPLICIT_RETAIN_SELF = YES;
				CLANG_WARN_OBJC_LITERAL_CONVERSION = YES;
				CLANG_WARN_OBJC_ROOT_CLASS = YES_ERROR;
				CLANG_WARN_QUOTED_INCLUDE_IN_FRAMEWORK_HEADER = YES;
				CLANG_WARN_RANGE_LOOP_ANALYSIS = YES;
				CLANG_WARN_STRICT_PROTOTYPES = YES;
				CLANG_WARN_SUSPICIOUS_MOVE = YES;
				CLANG_WARN_UNGUARDED_AVAILABILITY = YES_AGGRESSIVE;
				CLANG_WARN_UNREACHABLE_CODE = YES;
				CLANG_WARN__DUPLICATE_METHOD_MATCH = YES;
				COPY_PHASE_STRIP = NO;
				DEBUG_INFORMATION_FORMAT = "dwarf-with-dsym";
				ENABLE_NS_ASSERTIONS = NO;
				ENABLE_STRICT_OBJC_MSGSEND = YES;
				GCC_C_LANGUAGE_STANDARD = gnu11;
				GCC_NO_COMMON_BLOCKS = YES;
				GCC_WARN_64_TO_32_BIT_CONVERSION = YES;
				GCC_WARN_ABOUT_RETURN_TYPE = YES_ERROR;
				GCC_WARN_UNDECLARED_SELECTOR = YES;
				GCC_WARN_UNINITIALIZED_AUTOS = YES_AGGRESSIVE;
				GCC_WARN_UNUSED_FUNCTION = YES;
				GCC_WARN_UNUSED_VARIABLE = YES;
				IPHONEOS_DEPLOYMENT_TARGET = 16.2;
				MTL_ENABLE_DEBUG_INFO = NO;
				MTL_FAST_MATH = YES;
				SDKROOT = iphoneos;
				SWIFT_COMPILATION_MODE = wholemodule;
				SWIFT_OPTIMIZATION_LEVEL = "-O";
				VALIDATE_PRODUCT = YES;
			};
			name = Release;
		};
		AB270FF0295BB147008BCAF3 /* Debug */ = {
			isa = XCBuildConfiguration;
			buildSettings = {
				ASSETCATALOG_COMPILER_APPICON_NAME = AppIcon;
				ASSETCATALOG_COMPILER_GLOBAL_ACCENT_COLOR_NAME = AccentColor;
				CODE_SIGN_STYLE = Automatic;
				CURRENT_PROJECT_VERSION = 1;
				DEVELOPMENT_ASSET_PATHS = "\"Countdown/Preview Content\"";
				DEVELOPMENT_TEAM = 3KU8C49PA9;
				ENABLE_PREVIEWS = YES;
				GENERATE_INFOPLIST_FILE = YES;
				INFOPLIST_KEY_UIApplicationSceneManifest_Generation = YES;
				INFOPLIST_KEY_UIApplicationSupportsIndirectInputEvents = YES;
				INFOPLIST_KEY_UILaunchScreen_Generation = YES;
				INFOPLIST_KEY_UISupportedInterfaceOrientations_iPad = "UIInterfaceOrientationPortrait UIInterfaceOrientationPortraitUpsideDown UIInterfaceOrientationLandscapeLeft UIInterfaceOrientationLandscapeRight";
				INFOPLIST_KEY_UISupportedInterfaceOrientations_iPhone = "UIInterfaceOrientationPortrait UIInterfaceOrientationLandscapeLeft UIInterfaceOrientationLandscapeRight";
				LD_RUNPATH_SEARCH_PATHS = (
					"$(inherited)",
					"@executable_path/Frameworks",
				);
				MARKETING_VERSION = 1.0;
				PRODUCT_BUNDLE_IDENTIFIER = whythat.Countdown;
				PRODUCT_NAME = "$(TARGET_NAME)";
				SWIFT_EMIT_LOC_STRINGS = YES;
				SWIFT_VERSION = 5.0;
				TARGETED_DEVICE_FAMILY = "1,2";
			};
			name = Debug;
		};
		AB270FF1295BB147008BCAF3 /* Release */ = {
			isa = XCBuildConfiguration;
			buildSettings = {
				ASSETCATALOG_COMPILER_APPICON_NAME = AppIcon;
				ASSETCATALOG_COMPILER_GLOBAL_ACCENT_COLOR_NAME = AccentColor;
				CODE_SIGN_STYLE = Automatic;
				CURRENT_PROJECT_VERSION = 1;
				DEVELOPMENT_ASSET_PATHS = "\"Countdown/Preview Content\"";
				DEVELOPMENT_TEAM = 3KU8C49PA9;
				ENABLE_PREVIEWS = YES;
				GENERATE_INFOPLIST_FILE = YES;
				INFOPLIST_KEY_UIApplicationSceneManifest_Generation = YES;
				INFOPLIST_KEY_UIApplicationSupportsIndirectInputEvents = YES;
				INFOPLIST_KEY_UILaunchScreen_Generation = YES;
				INFOPLIST_KEY_UISupportedInterfaceOrientations_iPad = "UIInterfaceOrientationPortrait UIInterfaceOrientationPortraitUpsideDown UIInterfaceOrientationLandscapeLeft UIInterfaceOrientationLandscapeRight";
				INFOPLIST_KEY_UISupportedInterfaceOrientations_iPhone = "UIInterfaceOrientationPortrait UIInterfaceOrientationLandscapeLeft UIInterfaceOrientationLandscapeRight";
				LD_RUNPATH_SEARCH_PATHS = (
					"$(inherited)",
					"@executable_path/Frameworks",
				);
				MARKETING_VERSION = 1.0;
				PRODUCT_BUNDLE_IDENTIFIER = whythat.Countdown;
				PRODUCT_NAME = "$(TARGET_NAME)";
				SWIFT_EMIT_LOC_STRINGS = YES;
				SWIFT_VERSION = 5.0;
				TARGETED_DEVICE_FAMILY = "1,2";
			};
			name = Release;
		};
/* End XCBuildConfiguration section */

/* Begin XCConfigurationList section */
		AB270FDC295BB146008BCAF3 /* Build configuration list for PBXProject "Countdown" */ = {
			isa = XCConfigurationList;
			buildConfigurations = (
				AB270FED295BB147008BCAF3 /* Debug */,
				AB270FEE295BB147008BCAF3 /* Release */,
			);
			defaultConfigurationIsVisible = 0;
			defaultConfigurationName = Release;
		};
		AB270FEF295BB147008BCAF3 /* Build configuration list for PBXNativeTarget "Countdown" */ = {
			isa = XCConfigurationList;
			buildConfigurations = (
				AB270FF0295BB147008BCAF3 /* Debug */,
				AB270FF1295BB147008BCAF3 /* Release */,
			);
			defaultConfigurationIsVisible = 0;
			defaultConfigurationName = Release;
		};
/* End XCConfigurationList section */

/* Begin XCVersionGroup section */
		AB0F4F67296B1E5C0009CDF5 /* Events.xcdatamodeld */ = {
			isa = XCVersionGroup;
			children = (
				AB0F4F68296B1E5C0009CDF5 /* Events.xcdatamodel */,
			);
			currentVersion = AB0F4F68296B1E5C0009CDF5 /* Events.xcdatamodel */;
			path = Events.xcdatamodeld;
			sourceTree = "<group>";
			versionGroupType = wrapper.xcdatamodel;
		};
/* End XCVersionGroup section */
	};
	rootObject = AB270FD9295BB146008BCAF3 /* Project object */;
}
